{
  "name": "gantry",
  "version": "0.2.0-beta",
  "lockfileVersion": 3,
  "requires": true,
  "packages": {
    "": {
      "name": "gantry",
      "version": "0.2.0-beta",
      "dependencies": {
        "@codemirror/lang-markdown": "^6.5.2",
        "@preact/signals": "^2.11.1",
        "codemirror": "^6.0.2",
        "commander": "^13.0.0",
        "dompurify": "^3.4.13",
        "eta": "^4.6.0",
        "htm": "^3.1.1",
        "markdown-it": "^15.0.0",
        "pandoc-wasm": "1.1.0",
        "preact": "^10.29.8",
        "preact-iso": "^2.12.2",
        "yaml": "^2.9.0"
      },
      "bin": {
        "gantry": "bin/gantry.js"
      },
      "devDependencies": {
        "fake-indexeddb": "^6.2.5",
        "node-test-junit-reporter": "^1.0.0",
        "playwright": "^1.62.1"
      },
      "engines": {
        "node": ">=24"
      }
    },
    "node_modules/@bjorn3/browser_wasi_shim": {
      "version": "0.4.2",
      "resolved": "https://registry.npmjs.org/@bjorn3/browser_wasi_shim/-/browser_wasi_shim-0.4.2.tgz",
      "integrity": "sha512-/iHkCVUG3VbcbmEHn5iIUpIrh7a7WPiwZ3sHy4HZKZzBdSadwdddYDZAII2zBvQYV0Lfi8naZngPCN7WPHI/hA==",
      "license": "MIT OR Apache-2.0"
    },
    "node_modules/@codemirror/autocomplete": {
      "version": "6.20.3",
      "resolved": "https://registry.npmjs.org/@codemirror/autocomplete/-/autocomplete-6.20.3.tgz",
      "integrity": "sha512-tlosUqb+3BbxCxZdu4tKeRghPFC+QM7q4X5YhKV2eCmPG+1r2F3f4AaSz5sCrFqUtX4Jh20VFTKecl16MgiV9g==",
      "license": "MIT",
      "dependencies": {
        "@codemirror/language": "^6.0.0",
        "@codemirror/state": "^6.0.0",
        "@codemirror/view": "^6.17.0",
        "@lezer/common": "^1.0.0"
      }
    },
    "node_modules/@codemirror/commands": {
      "version": "6.11.0",
      "resolved": "https://registry.npmjs.org/@codemirror/commands/-/commands-6.11.0.tgz",
      "integrity": "sha512-/K4Rl5BN0OtTiPWmJCdqODu38XnDMsDxKY5rgrPnCkutPTJf2wVbkoixLfealF5Kwse/s8P8M5jAiURiwSwnFA==",
      "license": "MIT",
      "dependencies": {
        "@codemirror/language": "^6.0.0",
        "@codemirror/state": "^6.7.0",
        "@codemirror/view": "^6.27.0",
        "@lezer/common": "^1.1.0"
      }
    },
    "node_modules/@codemirror/lang-css": {
      "version": "6.3.1",
      "resolved": "https://registry.npmjs.org/@codemirror/lang-css/-/lang-css-6.3.1.tgz",
      "integrity": "sha512-kr5fwBGiGtmz6l0LSJIbno9QrifNMUusivHbnA1H6Dmqy4HZFte3UAICix1VuKo0lMPKQr2rqB+0BkKi/S3Ejg==",
      "license": "MIT",
      "dependencies": {
        "@codemirror/autocomplete": "^6.0.0",
        "@codemirror/language": "^6.0.0",
        "@codemirror/state": "^6.0.0",
        "@lezer/common": "^1.0.2",
        "@lezer/css": "^1.1.7"
      }
    },
    "node_modules/@codemirror/lang-html": {
      "version": "6.4.12",
      "resolved": "https://registry.npmjs.org/@codemirror/lang-html/-/lang-html-6.4.12.tgz",
      "integrity": "sha512-pw2ReWKUqSkbvh76RAT4NYxiogRu+PWkR2ukAwO9uOgrm8uipkzjtKKtNpyeAQwHOqxEeSvAXZ6vr3AfyB9y/w==",
      "license": "MIT",
      "dependencies": {
        "@codemirror/autocomplete": "^6.0.0",
        "@codemirror/lang-css": "^6.0.0",
        "@codemirror/lang-javascript": "^6.0.0",
        "@codemirror/language": "^6.4.0",
        "@codemirror/state": "^6.0.0",
        "@codemirror/view": "^6.17.0",
        "@lezer/common": "^1.0.0",
        "@lezer/css": "^1.1.0",
        "@lezer/html": "^1.3.12"
      }
    },
    "node_modules/@codemirror/lang-javascript": {
      "version": "6.2.5",
      "resolved": "https://registry.npmjs.org/@codemirror/lang-javascript/-/lang-javascript-6.2.5.tgz",
      "integrity": "sha512-zD4e5mS+50htS7F+TYjBPsiIFGanfVqg4HyUz6WNFikgOPf2BgKlx+TQedI1w6n/IqRBVBbBWmGFdLB/7uxO4A==",
      "license": "MIT",
      "dependencies": {
        "@codemirror/autocomplete": "^6.0.0",
        "@codemirror/language": "^6.6.0",
        "@codemirror/lint": "^6.0.0",
        "@codemirror/state": "^6.0.0",
        "@codemirror/view": "^6.17.0",
        "@lezer/common": "^1.0.0",
        "@lezer/javascript": "^1.0.0"
      }
    },
    "node_modules/@codemirror/lang-markdown": {
      "version": "6.5.2",
      "resolved": "https://registry.npmjs.org/@codemirror/lang-markdown/-/lang-markdown-6.5.2.tgz",
      "integrity": "sha512-AwBOdkWYuA//WcM0xO5PfHPUcmz/O2i5o0Nsg1U69SII/loCJlFI1Romd9xp2HYb1kYJRGZotyqRghuHH5n8Kw==",
      "license": "MIT",
      "dependencies": {
        "@codemirror/autocomplete": "^6.7.1",
        "@codemirror/lang-html": "^6.0.0",
        "@codemirror/language": "^6.3.0",
        "@codemirror/state": "^6.0.0",
        "@codemirror/view": "^6.0.0",
        "@lezer/common": "^1.2.1",
        "@lezer/markdown": "^1.0.0"
      }
    },
    "node_modules/@codemirror/language": {
      "version": "6.12.4",
      "resolved": "https://registry.npmjs.org/@codemirror/language/-/language-6.12.4.tgz",
      "integrity": "sha512-1q4PaT+o6PbgpkJt4Q8Fv5XJxTy4FUZ4MWETtyiDw3J0Pyr9E2vqcKL+k9wcvjNTIsauxvE7OfmWj3FRPHQ76A==",
      "license": "MIT",
      "dependencies": {
        "@codemirror/state": "^6.0.0",
        "@codemirror/view": "^6.23.0",
        "@lezer/common": "^1.5.0",
        "@lezer/highlight": "^1.0.0",
        "@lezer/lr": "^1.0.0",
        "style-mod": "^4.0.0"
      }
    },
    "node_modules/@codemirror/lint": {
      "version": "6.9.7",
      "resolved": "https://registry.npmjs.org/@codemirror/lint/-/lint-6.9.7.tgz",
      "integrity": "sha512-28/+iWLYxKxsvGYhSYL7zaCZqLz5+FFFDq9tVsvGv9kv8RY4fFAchJ5WX9M3YrrRlTIsECjsXPqeNgnSmNP2dg==",
      "license": "MIT",
      "dependencies": {
        "@codemirror/state": "^6.0.0",
        "@codemirror/view": "^6.42.0",
        "crelt": "^1.0.5"
      }
    },
    "node_modules/@codemirror/search": {
      "version": "6.7.1",
      "resolved": "https://registry.npmjs.org/@codemirror/search/-/search-6.7.1.tgz",
      "integrity": "sha512-uMe5UO6PamJtSHrXhhHOzSX3ReWtiJrva6GnPMwSOrZtiExb5X5eExhr2OUZQVvdxPsKpY3Ro2mFbQadpPWmHA==",
      "license": "MIT",
      "dependencies": {
        "@codemirror/state": "^6.0.0",
        "@codemirror/view": "^6.37.0",
        "crelt": "^1.0.5"
      }
    },
    "node_modules/@codemirror/state": {
      "version": "6.7.1",
      "resolved": "https://registry.npmjs.org/@codemirror/state/-/state-6.7.1.tgz",
      "integrity": "sha512-9QzNDgE4EYDnAHfrTlR2lwiPciiOymLtwKK+8yHQzCc7GXhAP9xdEbEJFy2IWB1j9UGUl9BsgMmTo/ImA02T7A==",
      "license": "MIT",
      "dependencies": {
        "@marijn/find-cluster-break": "^1.0.0"
      }
    },
    "node_modules/@codemirror/view": {
      "version": "6.43.9",
      "resolved": "https://registry.npmjs.org/@codemirror/view/-/view-6.43.9.tgz",
      "integrity": "sha512-sTuUzTpPMFebRhg6dawChoKKgndIwfjmJgKVxBefPElcU2NwQ6AFroupk0SFqEerQyZOGRfDNnSN8Dw/lMAsXw==",
      "license": "MIT",
      "dependencies": {
        "@codemirror/state": "^6.7.0",
        "crelt": "^1.0.6",
        "style-mod": "^4.1.0",
        "w3c-keyname": "^2.2.4"
      }
    },
    "node_modules/@lezer/common": {
      "version": "1.5.2",
      "resolved": "https://registry.npmjs.org/@lezer/common/-/common-1.5.2.tgz",
      "integrity": "sha512-sxQE460fPZyU3sdc8lafxiPwJHBzZRy/udNFynGQky1SePYBdhkBl1kOagA9uT3pxR8K09bOrmTUqA9wb/PjSQ==",
      "license": "MIT"
    },
    "node_modules/@lezer/css": {
      "version": "1.3.6",
      "resolved": "https://registry.npmjs.org/@lezer/css/-/css-1.3.6.tgz",
      "integrity": "sha512-YJE78Wcg+zX8f10hiHWQ4Az48Qr/c13eId0VtRQYLBpxHDmDeSrXIlkbl+fJGW42rWC/uoUco9mhBZeVWP/A1g==",
      "license": "MIT",
      "dependencies": {
        "@lezer/common": "^1.2.0",
        "@lezer/highlight": "^1.0.0",
        "@lezer/lr": "^1.3.0"
      }
    },
    "node_modules/@lezer/highlight": {
      "version": "1.2.3",
      "resolved": "https://registry.npmjs.org/@lezer/highlight/-/highlight-1.2.3.tgz",
      "integrity": "sha512-qXdH7UqTvGfdVBINrgKhDsVTJTxactNNxLk7+UMwZhU13lMHaOBlJe9Vqp907ya56Y3+ed2tlqzys7jDkTmW0g==",
      "license": "MIT",
      "dependencies": {
        "@lezer/common": "^1.3.0"
      }
    },
    "node_modules/@lezer/html": {
      "version": "1.3.13",
      "resolved": "https://registry.npmjs.org/@lezer/html/-/html-1.3.13.tgz",
      "integrity": "sha512-oI7n6NJml729m7pjm9lvLvmXbdoMoi2f+1pwSDJkl9d68zGr7a9Btz8NdHTGQZtW2DA25ybeuv/SyDb9D5tseg==",
      "license": "MIT",
      "dependencies": {
        "@lezer/common": "^1.2.0",
        "@lezer/highlight": "^1.0.0",
        "@lezer/lr": "^1.0.0"
      }
    },
    "node_modules/@lezer/javascript": {
      "version": "1.5.4",
      "resolved": "https://registry.npmjs.org/@lezer/javascript/-/javascript-1.5.4.tgz",
      "integrity": "sha512-vvYx3MhWqeZtGPwDStM2dwgljd5smolYD2lR2UyFcHfxbBQebqx8yjmFmxtJ/E6nN6u1D9srOiVWm3Rb4tmcUA==",
      "license": "MIT",
      "dependencies": {
        "@lezer/common": "^1.2.0",
        "@lezer/highlight": "^1.1.3",
        "@lezer/lr": "^1.3.0"
      }
    },
    "node_modules/@lezer/lr": {
      "version": "1.4.10",
      "resolved": "https://registry.npmjs.org/@lezer/lr/-/lr-1.4.10.tgz",
      "integrity": "sha512-rnCpTIBafOx4mRp43xOxDJbFipJm/c0cia/V5TiGlhmMa+wsSdoGmUN3w5Bqrks/09Q/D4tNAmWaT8p6NRi77A==",
      "license": "MIT",
      "dependencies": {
        "@lezer/common": "^1.0.0"
      }
    },
    "node_modules/@lezer/markdown": {
      "version": "1.7.2",
      "resolved": "https://registry.npmjs.org/@lezer/markdown/-/markdown-1.7.2.tgz",
      "integrity": "sha512-iTkYvoVcKt3WkeL7qUDyXHONZEwLio4wj8KTNi2dnjQEXBZKMV63BpQrPqfsM+OkvuRbiSTAcycYAsQzLhRNoQ==",
      "license": "MIT",
      "dependencies": {
        "@lezer/common": "^1.5.0",
        "@lezer/highlight": "^1.0.0"
      }
    },
    "node_modules/@marijn/find-cluster-break": {
      "version": "1.0.3",
      "resolved": "https://registry.npmjs.org/@marijn/find-cluster-break/-/find-cluster-break-1.0.3.tgz",
      "integrity": "sha512-FY+MKLBoTsLNJF/eLWaOsXGdz6uh3Iu1axjPf6TUq92IYumcTcXWHoS747JARLkcdlJ/Waiaxc5wQfFO8jC6NA==",
      "license": "MIT"
    },
    "node_modules/@preact/signals": {
      "version": "2.11.1",
      "resolved": "https://registry.npmjs.org/@preact/signals/-/signals-2.11.1.tgz",
      "integrity": "sha512-uYoD+USkacTNU02kfCBkJEV7xabKTmA78W5pnT2GymsuGEC9n/ZO+UT4S96l0dIL6KLDk77VJyUFuOMBvftVHg==",
      "license": "MIT",
      "dependencies": {
        "@preact/signals-core": "^1.14.4"
      },
      "funding": {
        "type": "opencollective",
        "url": "https://opencollective.com/preact"
      },
      "peerDependencies": {
        "preact": ">= 10.25.0 || >=11.0.0-0"
      }
    },
    "node_modules/@preact/signals-core": {
      "version": "1.14.4",
      "resolved": "https://registry.npmjs.org/@preact/signals-core/-/signals-core-1.14.4.tgz",
      "integrity": "sha512-HNB6HYeYKhQbJ1aKl+YRjrS4+QWHLKX6qKoUsfS/m0vqzsVaEBiZiaKbG/e+NKk2ch5ALQr/ihWaMHxiCuuWHA==",
      "license": "MIT",
      "funding": {
        "type": "opencollective",
        "url": "https://opencollective.com/preact"
      }
    },
    "node_modules/@types/trusted-types": {
      "version": "2.0.7",
      "resolved": "https://registry.npmjs.org/@types/trusted-types/-/trusted-types-2.0.7.tgz",
      "integrity": "sha512-ScaPdn1dQczgbl0QFTeTOmVHFULt394XJgOQNoyVhZ6r2vLnMLJfBPd53SB52T/3G36VI1/g2MZaX0cwDuXsfw==",
      "license": "MIT",
      "optional": true
    },
    "node_modules/ansi-regex": {
      "version": "6.3.0",
      "resolved": "https://registry.npmjs.org/ansi-regex/-/ansi-regex-6.3.0.tgz",
      "integrity": "sha512-WpDfL7NO6j7tH88IDBNVdUJxDh9nmCteAVW9dsep846XdwF4naCBK+/tGLX3KJgcpgMRXCFlTM2hKGoK9FsdrQ==",
      "dev": true,
      "license": "MIT",
      "engines": {
        "node": ">=12"
      },
      "funding": {
        "url": "https://github.com/chalk/ansi-regex?sponsor=1"
      }
    },
    "node_modules/argparse": {
      "version": "3.0.0",
      "resolved": "https://registry.npmjs.org/argparse/-/argparse-3.0.0.tgz",
      "integrity": "sha512-BOp5NMrHqKxmq/OLr+clzzrRxgOKSLkcjmkWuChp7Irqwn4s74WjOBPIgWfA/HMcBnVkZ5XEuf9uUqzlpfCQ6A==",
      "funding": [
        {
          "type": "github",
          "url": "https://github.com/sponsors/puzrin"
        },
        {
          "type": "github",
          "url": "https://github.com/sponsors/nodeca"
        }
      ],
      "license": "Python-2.0"
    },
    "node_modules/codemirror": {
      "version": "6.0.2",
      "resolved": "https://registry.npmjs.org/codemirror/-/codemirror-6.0.2.tgz",
      "integrity": "sha512-VhydHotNW5w1UGK0Qj96BwSk/Zqbp9WbnyK2W/eVMv4QyF41INRGpjUhFJY7/uDNuudSc33a/PKr4iDqRduvHw==",
      "license": "MIT",
      "dependencies": {
        "@codemirror/autocomplete": "^6.0.0",
        "@codemirror/commands": "^6.0.0",
        "@codemirror/language": "^6.0.0",
        "@codemirror/lint": "^6.0.0",
        "@codemirror/search": "^6.0.0",
        "@codemirror/state": "^6.0.0",
        "@codemirror/view": "^6.0.0"
      }
    },
    "node_modules/commander": {
      "version": "13.1.0",
      "resolved": "https://registry.npmjs.org/commander/-/commander-13.1.0.tgz",
      "integrity": "sha512-/rFeCpNJQbhSZjGVwO9RFV3xPqbnERS8MmIQzCtD/zl6gpJuV/bMLuN92oG3F7d8oDEHHRrujSXNUr8fpjntKw==",
      "license": "MIT",
      "engines": {
        "node": ">=18"
      }
    },
    "node_modules/crelt": {
      "version": "1.0.7",
      "resolved": "https://registry.npmjs.org/crelt/-/crelt-1.0.7.tgz",
      "integrity": "sha512-aK6BbWfhf4U/wCcLHKPJl/xa6VkVstRaPywWtMKGwuOLc/wZTyQYuoxgvZnNsBvv7Kg3YTBQYYBCggcviQczuA==",
      "license": "MIT"
    },
    "node_modules/dompurify": {
      "version": "3.4.13",
      "resolved": "https://registry.npmjs.org/dompurify/-/dompurify-3.4.13.tgz",
      "integrity": "sha512-2vmYIoqjze2d+kakP8S/nS5shfsl587kzwEjcGlTdiksUVgFHnFCsLYDVj/JNqJVOQZGSYBTmuycv0PodwmnMQ==",
      "license": "(MPL-2.0 OR Apache-2.0)",
      "optionalDependencies": {
        "@types/trusted-types": "^2.0.7"
      }
    },
    "node_modules/entities": {
      "version": "8.0.0",
      "resolved": "https://registry.npmjs.org/entities/-/entities-8.0.0.tgz",
      "integrity": "sha512-zwfzJecQ/Uej6tusMqwAqU/6KL2XaB2VZ2Jg54Je6ahNBGNH6Ek6g3jjNCF0fG9EWQKGZNddNjU5F1ZQn/sBnA==",
      "license": "BSD-2-Clause",
      "engines": {
        "node": ">=20.19.0"
      },
      "funding": {
        "url": "https://github.com/fb55/entities?sponsor=1"
      }
    },
    "node_modules/escape-string-regexp": {
      "version": "2.0.0",
      "resolved": "https://registry.npmjs.org/escape-string-regexp/-/escape-string-regexp-2.0.0.tgz",
      "integrity": "sha512-UpzcLCXolUWcNu5HtVMHYdXJjArjsF9C0aNnquZYY4uW/Vu0miy5YoWvbV345HauVvcAUnpRuhMMcqTcGOY2+w==",
      "dev": true,
      "license": "MIT",
      "engines": {
        "node": ">=8"
      }
    },
    "node_modules/eta": {
      "version": "4.6.0",
      "resolved": "https://registry.npmjs.org/eta/-/eta-4.6.0.tgz",
      "integrity": "sha512-lW6is4T1NFOYnmqGZIfvixqj7A7sSvScF+DN8EK6K58xI5MZ5UvYe0GjopxOXQtZvUn4eDdVuZ8XSoYWTMEKwA==",
      "license": "MIT",
      "engines": {
        "node": ">=20"
      },
      "funding": {
        "url": "https://github.com/bgub/eta?sponsor=1"
      }
    },
    "node_modules/fake-indexeddb": {
      "version": "6.2.5",
      "resolved": "https://registry.npmjs.org/fake-indexeddb/-/fake-indexeddb-6.2.5.tgz",
      "integrity": "sha512-CGnyrvbhPlWYMngksqrSSUT1BAVP49dZocrHuK0SvtR0D5TMs5wP0o3j7jexDJW01KSadjBp1M/71o/KR3nD1w==",
      "dev": true,
      "license": "Apache-2.0",
      "engines": {
        "node": ">=18"
      }
    },
    "node_modules/fsevents": {
      "version": "2.3.2",
      "resolved": "https://registry.npmjs.org/fsevents/-/fsevents-2.3.2.tgz",
      "integrity": "sha512-xiqMQR4xAeHTuB9uWm+fFRcIOgKBMiOBP+eXiyT7jsgVCq1bkVygt00oASowB7EdtpOHaaPgKt812P9ab+DDKA==",
      "dev": true,
      "hasInstallScript": true,
      "license": "MIT",
      "optional": true,
      "os": [
        "darwin"
      ],
      "engines": {
        "node": "^8.16.0 || ^10.6.0 || >=11.0.0"
      }
    },
    "node_modules/htm": {
      "version": "3.1.1",
      "resolved": "https://registry.npmjs.org/htm/-/htm-3.1.1.tgz",
      "integrity": "sha512-983Vyg8NwUE7JkZ6NmOqpCZ+sh1bKv2iYTlUkzlWmA5JD2acKoxd4KVxbMmxX/85mtfdnDmTFoNKcg5DGAvxNQ==",
      "license": "Apache-2.0"
    },
    "node_modules/linkify-it": {
      "version": "6.1.0",
      "resolved": "https://registry.npmjs.org/linkify-it/-/linkify-it-6.1.0.tgz",
      "integrity": "sha512-wJ/TwpSDTLepCrQoYWYIExIKg5Zchex2Nn5yk2mFnB+6PtdkHtyLx742md9csRjjOnGkKIS/RrbY7l8D6gT9Vw==",
      "funding": [
        {
          "type": "github",
          "url": "https://github.com/sponsors/puzrin"
        },
        {
          "type": "github",
          "url": "https://github.com/sponsors/markdown-it"
        }
      ],
      "license": "MIT",
      "dependencies": {
        "uc.micro": "^3.0.0"
      }
    },
    "node_modules/markdown-it": {
      "version": "15.0.0",
      "resolved": "https://registry.npmjs.org/markdown-it/-/markdown-it-15.0.0.tgz",
      "integrity": "sha512-Lf8ajvVNdRpzSNB4VegxNy7gjs8gU35l4b4+ET49LrQC5PKYwLZ72u60LeJ9gv3qiaesuYjJWCyVeQmv/QWKQw==",
      "funding": [
        {
          "type": "github",
          "url": "https://github.com/sponsors/puzrin"
        },
        {
          "type": "github",
          "url": "https://github.com/sponsors/markdown-it"
        }
      ],
      "license": "MIT",
      "dependencies": {
        "argparse": "^3.0.0",
        "entities": "^8.0.0",
        "linkify-it": "^6.0.0",
        "mdurl": "^2.1.0",
        "punycode.js": "^2.3.1",
        "uc.micro": "^3.0.0"
      },
      "bin": {
        "markdown-it": "bin/markdown-it.mjs"
      }
    },
    "node_modules/mdurl": {
      "version": "2.1.0",
      "resolved": "https://registry.npmjs.org/mdurl/-/mdurl-2.1.0.tgz",
      "integrity": "sha512-1+HBaOx0zi/dQWht8rNv9MYf9qqpqL/kxI0hXImU6Y547zM6Sni8BQibt7ifgMcYtQg41ao3Ivd6cnSM86inpg==",
      "license": "MIT"
    },
    "node_modules/node-test-junit-reporter": {
      "version": "1.1.5",
      "resolved": "https://registry.npmjs.org/node-test-junit-reporter/-/node-test-junit-reporter-1.1.5.tgz",
      "integrity": "sha512-kO8FXwyIkNWMJkAojBQ99v1dx4ai1QPB8XTkggy5bof8816AzkJEn8y9hLqzpDNPekxmogXdjp0wi1OZ5EUOHQ==",
      "dev": true,
      "license": "MIT",
      "dependencies": {
        "node-test-parser": "github:nearform/node-test-parser#v2.2.1",
        "stack-utils": "^2.0.6",
        "strip-ansi": "^7.1.0",
        "xml": "^1.0.1"
      }
    },
    "node_modules/node-test-parser": {
      "version": "2.2.1",
      "resolved": "git+ssh://git@github.com/nearform/node-test-parser.git#859b192ecba39e592157591c1366aa2bd4ff6533",
      "dev": true,
      "license": "MIT"
    },
    "node_modules/pandoc-wasm": {
      "version": "1.1.0",
      "resolved": "https://registry.npmjs.org/pandoc-wasm/-/pandoc-wasm-1.1.0.tgz",
      "integrity": "sha512-IoWBsC/cbSZe71rcRtxXUxG+Auf8aGDHKYOQZA6OdwmUL2xdpQaqrSGhPa+6zfLdSar7cnyAmTWt6KU9n5kBjQ==",
      "license": "GPL-2.0-or-later",
      "dependencies": {
        "@bjorn3/browser_wasi_shim": "^0.4.2"
      }
    },
    "node_modules/playwright": {
      "version": "1.62.1",
      "resolved": "https://registry.npmjs.org/playwright/-/playwright-1.62.1.tgz",
      "integrity": "sha512-0M+L3LAD8/nm554LOla9Ayx0j0tmFZ0FBcoQ7F1VuVHpM/XpiC8RcDzBQB8W5+hA8L22THxELzeF+2WcUzvcLg==",
      "dev": true,
      "license": "Apache-2.0",
      "dependencies": {
        "playwright-core": "1.62.1"
      },
      "bin": {
        "playwright": "cli.js"
      },
      "engines": {
        "node": ">=20"
      },
      "optionalDependencies": {
        "fsevents": "2.3.2"
      }
    },
    "node_modules/playwright-core": {
      "version": "1.62.1",
      "resolved": "https://registry.npmjs.org/playwright-core/-/playwright-core-1.62.1.tgz",
      "integrity": "sha512-wPYSwEBJY9GHraISXqyqtx0na0LpO3XEX7jNDhntbex7tzUS7kLnZsOlFruFJB4Hi/rhDMjXGqHewDZ68nYZVw==",
      "dev": true,
      "license": "Apache-2.0",
      "bin": {
        "playwright-core": "cli.js"
      },
      "engines": {
        "node": ">=20"
      }
    },
    "node_modules/preact": {
      "version": "10.29.8",
      "resolved": "https://registry.npmjs.org/preact/-/preact-10.29.8.tgz",
      "integrity": "sha512-ej2aVZ+vZ8WO7tvlQWRM9N63A0KzF9q4mWJfDUHgYaIofWY9hu74QdnQrjoPMmZi2/nZ5gN0bJCQF49xQqx09Q==",
      "license": "MIT",
      "funding": {
        "type": "opencollective",
        "url": "https://opencollective.com/preact"
      },
      "peerDependencies": {
        "preact-render-to-string": ">=5"
      },
      "peerDependenciesMeta": {
        "preact-render-to-string": {
          "optional": true
        }
      }
    },
    "node_modules/preact-iso": {
      "version": "2.12.2",
      "resolved": "https://registry.npmjs.org/preact-iso/-/preact-iso-2.12.2.tgz",
      "integrity": "sha512-qit+qSMiZ41K0EQkLNa3MSxnWVCm5yXvy9m3CcGf/zF1QhVJzSwVCbpiz52VSbWpg8v8nYNIYDrXJZPNFpM1uw==",
      "license": "MIT",
      "peerDependencies": {
        "preact": ">=10 || >= 11.0.0-0",
        "preact-render-to-string": ">=6.4.0"
      }
    },
    "node_modules/preact-render-to-string": {
      "version": "6.7.0",
      "resolved": "https://registry.npmjs.org/preact-render-to-string/-/preact-render-to-string-6.7.0.tgz",
      "integrity": "sha512-Z4WR8fmLMRpdYqJ9i7vrlXSsSrxVJydwrkEXHapexfARbWfGb7vGcnvNQnIzN0cXciMVOlz/XLoiMCi9gUsy9Q==",
      "license": "MIT",
      "peer": true,
      "peerDependencies": {
        "preact": ">=10 || >= 11.0.0-0"
      }
    },
    "node_modules/punycode.js": {
      "version": "2.3.1",
      "resolved": "https://registry.npmjs.org/punycode.js/-/punycode.js-2.3.1.tgz",
      "integrity": "sha512-uxFIHU0YlHYhDQtV4R9J6a52SLx28BCjT+4ieh7IGbgwVJWO+km431c4yRlREUAsAmt/uMjQUyQHNEPf0M39CA==",
      "license": "MIT",
      "engines": {
        "node": ">=6"
      }
    },
    "node_modules/stack-utils": {
      "version": "2.0.6",
      "resolved": "https://registry.npmjs.org/stack-utils/-/stack-utils-2.0.6.tgz",
      "integrity": "sha512-XlkWvfIm6RmsWtNJx+uqtKLS8eqFbxUg0ZzLXqY0caEy9l7hruX8IpiDnjsLavoBgqCCR71TqWO8MaXYheJ3RQ==",
      "dev": true,
      "license": "MIT",
      "dependencies": {
        "escape-string-regexp": "^2.0.0"
      },
      "engines": {
        "node": ">=10"
      }
    },
    "node_modules/strip-ansi": {
      "version": "7.2.0",
      "resolved": "https://registry.npmjs.org/strip-ansi/-/strip-ansi-7.2.0.tgz",
      "integrity": "sha512-yDPMNjp4WyfYBkHnjIRLfca1i6KMyGCtsVgoKe/z1+6vukgaENdgGBZt+ZmKPc4gavvEZ5OgHfHdrazhgNyG7w==",
      "dev": true,
      "license": "MIT",
      "dependencies": {
        "ansi-regex": "^6.2.2"
      },
      "engines": {
        "node": ">=12"
      },
      "funding": {
        "url": "https://github.com/chalk/strip-ansi?sponsor=1"
      }
    },
    "node_modules/style-mod": {
      "version": "4.1.3",
      "resolved": "https://registry.npmjs.org/style-mod/-/style-mod-4.1.3.tgz",
      "integrity": "sha512-i/n8VsZydrugj3Iuzll8+x/00GH2vnYsk1eomD8QiRrSAeW6ItbCQDtfXCeJHd0iwiNagqjQkvpvREEPtW3IoQ==",
      "license": "MIT"
    },
    "node_modules/uc.micro": {
      "version": "3.0.0",
      "resolved": "https://registry.npmjs.org/uc.micro/-/uc.micro-3.0.0.tgz",
      "integrity": "sha512-U3PppEkleoTnIfi8BozMx3yju3qc/L6SwqWo2Sw+54PX+PX0q9I+r1Um5HCmqD7n9VDX5/v3vQH/AjA6deDdtw==",
      "license": "MIT"
    },
    "node_modules/w3c-keyname": {
      "version": "2.2.8",
      "resolved": "https://registry.npmjs.org/w3c-keyname/-/w3c-keyname-2.2.8.tgz",
      "integrity": "sha512-dpojBhNsCNN7T82Tm7k26A6G9ML3NkhDsnw9n/eoxSRlVBB4CEtIQ/KTCLI2Fwf3ataSXRhYFkQi3SlnFwPvPQ==",
      "license": "MIT"
    },
    "node_modules/xml": {
      "version": "1.0.1",
      "resolved": "https://registry.npmjs.org/xml/-/xml-1.0.1.tgz",
      "integrity": "sha512-huCv9IH9Tcf95zuYCsQraZtWnJvBtLVE0QHMOs8bWyZAFZNDcYjsPq1nEx8jKA9y+Beo9v+7OBPRisQTjinQMw==",
      "dev": true,
      "license": "MIT"
    },
    "node_modules/yaml": {
      "version": "2.9.0",
      "resolved": "https://registry.npmjs.org/yaml/-/yaml-2.9.0.tgz",
      "integrity": "sha512-2AvhNX3mb8zd6Zy7INTtSpl1F15HW6Wnqj0srWlkKLcpYl/gMIMJiyuGq2KeI2YFxUPjdlB+3Lc10seMLtL4cA==",
      "license": "ISC",
      "bin": {
        "yaml": "bin.mjs"
      },
      "engines": {
        "node": ">= 14.6"
      },
      "funding": {
        "url": "https://github.com/sponsors/eemeli"
      }
    }
  }
}
